
Microsoft Visual Studio Solution File, Format Version 12.00
# Visual Studio 15
VisualStudioVersion = 15.0.27130.2003
MinimumVisualStudioVersion = 10.0.40219.1
Project("{FAE04EC0-301F-11D3-BF4B-00C04F79EFBC}") = "5S", "5S\5S.csproj", "{F959821C-B500-4441-A1AF-61F68DCFB259}"
EndProject
Project("{FAE04EC0-301F-11D3-BF4B-00C04F79EFBC}") = "5S.Tests", "5S.Tests\5S.Tests.csproj", "{45AE35D4-64F5-4644-99FA-C16E62E7ACD1}"
EndProject
Global
	GlobalSection(SolutionConfigurationPlatforms) = preSolution
		Debug|Any CPU = Debug|Any CPU
		Release|Any CPU = Release|Any CPU
	EndGlobalSection
	GlobalSection(ProjectConfigurationPlatforms) = postSolution
		{F959821C-B500-4441-A1AF-61F68DCFB259}.Debug|Any CPU.ActiveCfg = Debug|Any CPU
		{F959821C-B500-4441-A1AF-61F68DCFB259}.Debug|Any CPU.Build.0 = Debug|Any CPU
		{F959821C-B500-4441-A1AF-61F68DCFB259}.Release|Any CPU.ActiveCfg = Release|Any CPU
		{F959821C-B500-4441-A1AF-61F68DCFB259}.Release|Any CPU.Build.0 = Release|Any CPU
		{45AE35D4-64F5-4644-99FA-C16E62E7ACD1}.Debug|Any CPU.ActiveCfg = Debug|Any CPU
		{45AE35D4-64F5-4644-99FA-C16E62E7ACD1}.Debug|Any CPU.Build.0 = Debug|Any CPU
		{45AE35D4-64F5-4644-99FA-C16E62E7ACD1}.Release|Any CPU.ActiveCfg = Release|Any CPU
		{45AE35D4-64F5-4644-99FA-C16E62E7ACD1}.Release|Any CPU.Build.0 = Release|Any CPU
	EndGlobalSection
	GlobalSection(SolutionProperties) = preSolution
		HideSolutionNode = FALSE
	EndGlobalSection
	GlobalSection(ExtensibilityGlobals) = postSolution
		SolutionGuid = {644F38EB-A8C2-4893-A6A4-1FBF55ADD0A5}
	EndGlobalSection
EndGlobal
